
Microsoft Visual Studio Solution File, Format Version 12.00
# Visual Studio Version 16
VisualStudioVersion = 16.0.32630.194
MinimumVisualStudioVersion = 10.0.40219.1
Project("{9A19103F-16F7-4668-BE54-9A1E7A4F7556}") = "BetterToilet", "BetterToilet.csproj", "{D6E4C840-F1A2-43E8-826E-93A56D486A00}"
EndProject
Global
	GlobalSection(SolutionConfigurationPlatforms) = preSolution
		Debug|Any CPU = Debug|Any CPU
		Release|Any CPU = Release|Any CPU
	EndGlobalSection
	GlobalSection(ProjectConfigurationPlatforms) = postSolution
		{D6E4C840-F1A2-43E8-826E-93A56D486A00}.Debug|Any CPU.ActiveCfg = Debug|Any CPU
		{D6E4C840-F1A2-43E8-826E-93A56D486A00}.Debug|Any CPU.Build.0 = Debug|Any CPU
		{D6E4C840-F1A2-43E8-826E-93A56D486A00}.Release|Any CPU.ActiveCfg = Release|Any CPU
		{D6E4C840-F1A2-43E8-826E-93A56D486A00}.Release|Any CPU.Build.0 = Release|Any CPU
	EndGlobalSection
	GlobalSection(SolutionProperties) = preSolution
		HideSolutionNode = FALSE
	EndGlobalSection
	GlobalSection(ExtensibilityGlobals) = postSolution
		SolutionGuid = {A41BF836-9C65-4F33-8E43-C2070F101134}
	EndGlobalSection
EndGlobal
